# enc28j60_eth.qsf -- EP4CE6E22 + ENC28J60 Ethernet node
#
# NOTE: Quartus 25.1std rejects "EP4CE6E22C8N". The legal part name is
# EP4CE6E22C8 (no trailing N).

set_global_assignment -name FAMILY "Cyclone IV E"
set_global_assignment -name DEVICE EP4CE6E22C8
set_global_assignment -name TOP_LEVEL_ENTITY eth_top
set_global_assignment -name ORIGINAL_QUARTUS_VERSION 25.1
set_global_assignment -name PROJECT_OUTPUT_DIRECTORY output_files
set_global_assignment -name MIN_CORE_JUNCTION_TEMP 0
set_global_assignment -name MAX_CORE_JUNCTION_TEMP 85
set_global_assignment -name ERROR_CHECK_FREQUENCY_DIVISOR 1
set_global_assignment -name NUM_PARALLEL_PROCESSORS 4

set_global_assignment -name VERILOG_FILE rtl/eth_top.v
set_global_assignment -name VERILOG_FILE rtl/spi_master.v
set_global_assignment -name VERILOG_FILE rtl/i2c_master.v
set_global_assignment -name VERILOG_FILE rtl/oled_sh1106.v
set_global_assignment -name SDC_FILE enc28j60_eth.sdc

# Unused pins as inputs tri-stated -- the ENC28J60 module shares the header,
# don't drive anything unexpected into it.
set_global_assignment -name RESERVE_ALL_UNUSED_PINS "AS INPUT TRI-STATED"

# ---------------------------------------------------------------------------
# BOARD PINS -- identical to led_button_test.qsf (verified working)
# ---------------------------------------------------------------------------

set_location_assignment PIN_24 -to clk
set_instance_assignment -name IO_STANDARD "3.3-V LVCMOS" -to clk

set_location_assignment PIN_88 -to nrst
set_instance_assignment -name IO_STANDARD "3.3-V LVCMOS" -to nrst

set_location_assignment PIN_114 -to key[0]
set_location_assignment PIN_89  -to key[1]
set_location_assignment PIN_80  -to key[2]
set_location_assignment PIN_73  -to key[3]
set_instance_assignment -name IO_STANDARD "3.3-V LVCMOS" -to key[0]
set_instance_assignment -name IO_STANDARD "3.3-V LVCMOS" -to key[1]
set_instance_assignment -name IO_STANDARD "3.3-V LVCMOS" -to key[2]
set_instance_assignment -name IO_STANDARD "3.3-V LVCMOS" -to key[3]

set_location_assignment PIN_1  -to led[0]
set_location_assignment PIN_2  -to led[1]
set_location_assignment PIN_3  -to led[2]
set_location_assignment PIN_7  -to led[3]
set_location_assignment PIN_11 -to led[4]
set_instance_assignment -name IO_STANDARD "3.3-V LVCMOS" -to led[0]
set_instance_assignment -name IO_STANDARD "3.3-V LVCMOS" -to led[1]
set_instance_assignment -name IO_STANDARD "3.3-V LVCMOS" -to led[2]
set_instance_assignment -name IO_STANDARD "3.3-V LVCMOS" -to led[3]
set_instance_assignment -name IO_STANDARD "3.3-V LVCMOS" -to led[4]

# ---------------------------------------------------------------------------
# ENC28J60 MODULE -- all six signals on the RIGHT-HAND header.
#
# That header is the board's FIXED 3.3 V bank, which matters for two reasons:
#
#   1. The top (C group) and bottom (B group) headers run at whatever VC / VB
#      is jumpered to -- 3.3, 2.5, 1.8 or 1.2 V. The ENC28J60 drives SO and INT
#      at 3.3 V, so putting an input there while VC is set low over-drives the
#      bank. An earlier revision of this file used PIN_110/111 from the C group
#      for exactly that reason -- don't go back to it.
#   2. No jumper cap needs configuring before the design will work.
#
# The right header is laid out in two columns, top to bottom:
#
#       105 | 106
#       103 | 104
#       100 | 101   <- 101 is ~ALTERA_nCEO~, SKIPPED (see below)
#        98 |  99
#        ...
#       GND         (bottom of the same header -- use it for the ground wire)
#
# All of 98..106 are bank 6. PIN_110/111 are bank 7, the VC-jumpered bank.
#
# PIN_101 is deliberately unused: it is the nCEO configuration pin. Quartus can
# release it with CYCLONEII_RESERVE_NCEO_AFTER_CONFIGURATION, but the FPGA
# drives nCEO *during* configuration while the ENC28J60 drives INT, which is
# output-against-output contention every time the board configures. INT lives
# on PIN_98 instead.
# ---------------------------------------------------------------------------

set_location_assignment PIN_105 -to enc_sck
set_location_assignment PIN_106 -to enc_mosi
set_location_assignment PIN_103 -to enc_miso
set_location_assignment PIN_104 -to enc_cs_n
set_location_assignment PIN_100 -to enc_rst_n
set_location_assignment PIN_98  -to enc_int

set_instance_assignment -name IO_STANDARD "3.3-V LVCMOS" -to enc_sck
set_instance_assignment -name IO_STANDARD "3.3-V LVCMOS" -to enc_mosi
set_instance_assignment -name IO_STANDARD "3.3-V LVCMOS" -to enc_miso
set_instance_assignment -name IO_STANDARD "3.3-V LVCMOS" -to enc_cs_n
set_instance_assignment -name IO_STANDARD "3.3-V LVCMOS" -to enc_rst_n
set_instance_assignment -name IO_STANDARD "3.3-V LVCMOS" -to enc_int

# ---------------------------------------------------------------------------
# 1.3" SH1106 OLED (I2C) -- right header row 5 (pins 85/86).
#
# Still the fixed-3.3 V right-hand header, but note these two are I/O bank 5
# where the ENC28J60 signals are bank 6. The right header spans both banks and
# the board ties both to the same fixed 3.3 V rail, so this is fine -- it is
# only worth knowing if you ever read the fitter's bank report and wonder.
#
# POWER THE PANEL FROM 3.3 V, NOT 5 V. The module's SDA/SCL pull-ups go to its
# own VCC, so a 5 V-powered module presents 5 V to these pins and damages the
# bank. The SH1106 datasheet puts VDD at 1.65-3.3 V and says it must equal the
# MPU I/O voltage, so 3.3 V is also what the controller wants.
#
# These are true open-drain outputs driven by i2c_master, which only ever pulls
# low and otherwise releases to Z. No FPGA-side pull-up is enabled; the panel's
# 4.7k resistors do the job.
# ---------------------------------------------------------------------------

set_location_assignment PIN_85 -to oled_scl
set_location_assignment PIN_86 -to oled_sda

set_instance_assignment -name IO_STANDARD "3.3-V LVCMOS" -to oled_scl
set_instance_assignment -name IO_STANDARD "3.3-V LVCMOS" -to oled_sda

# No SLEW_RATE / CURRENT_STRENGTH overrides here: this device rejects both on
# these pins (errors 169303 / 169205), so the SPI lines run at the default
# drive. Signal integrity at 12.5 MHz is a wiring problem instead -- keep the
# harness under ~10 cm and give SCK its own ground return.

set_global_assignment -name LAST_QUARTUS_VERSION "25.1std.0 Lite Edition"
set_global_assignment -name RESERVE_ALL_UNUSED_PINS_NO_OUTPUT_GND "AS INPUT TRI-STATED"